{
  "name": "e-borges",
  "version": "0.0.0",
  "lockfileVersion": 1,
  "requires": true,
  "dependencies": {
    "@ryancavanaugh/dynatable": {
      "version": "0.3.15-alpha",
      "resolved": "https://registry.npmjs.org/@ryancavanaugh/dynatable/-/dynatable-0.3.15-alpha.tgz",
      "integrity": "sha1-N4Gg3sbjlZydz1ylpPX6WadSZdI=",
      "dev": true
    }
  }
}
